
Microsoft Visual Studio Solution File, Format Version 12.00
# Visual Studio Version 17
VisualStudioVersion = 17.5.002.0
MinimumVisualStudioVersion = 10.0.40219.1
Project("{9A19103F-16F7-4668-BE54-9A1E7A4F7556}") = "GitDemoApp", "GitDemoApp.csproj", "{7DD8BF7A-DD0F-4C7C-8745-5BCDA853CBD4}"
EndProject
Global
	GlobalSection(SolutionConfigurationPlatforms) = preSolution
		Debug|Any CPU = Debug|Any CPU
		Release|Any CPU = Release|Any CPU
	EndGlobalSection
	GlobalSection(ProjectConfigurationPlatforms) = postSolution
		{7DD8BF7A-DD0F-4C7C-8745-5BCDA853CBD4}.Debug|Any CPU.ActiveCfg = Debug|Any CPU
		{7DD8BF7A-DD0F-4C7C-8745-5BCDA853CBD4}.Debug|Any CPU.Build.0 = Debug|Any CPU
		{7DD8BF7A-DD0F-4C7C-8745-5BCDA853CBD4}.Release|Any CPU.ActiveCfg = Release|Any CPU
		{7DD8BF7A-DD0F-4C7C-8745-5BCDA853CBD4}.Release|Any CPU.Build.0 = Release|Any CPU
	EndGlobalSection
	GlobalSection(SolutionProperties) = preSolution
		HideSolutionNode = FALSE
	EndGlobalSection
	GlobalSection(ExtensibilityGlobals) = postSolution
		SolutionGuid = {2AF15B14-DC5A-4D89-8512-695BA41F6EEE}
	EndGlobalSection
EndGlobal
